
Microsoft Visual Studio Solution File, Format Version 12.00
# Visual Studio Version 16
VisualStudioVersion = 16.0.30128.74
MinimumVisualStudioVersion = 10.0.40219.1
Project("{FAE04EC0-301F-11D3-BF4B-00C04F79EFBC}") = "DrugSync", "DrugSync\DrugSync.csproj", "{C426AB6A-22F5-4B65-A3F8-4AD559E5DAE6}"
EndProject
Project("{FAE04EC0-301F-11D3-BF4B-00C04F79EFBC}") = "DrungSync.Console", "DrungSync.Console\DrungSync.Console.csproj", "{9864C153-2BD6-44E9-8C5A-FE734A54FC94}"
EndProject
Project("{FAE04EC0-301F-11D3-BF4B-00C04F79EFBC}") = "DrugSync.System", "DrugSync.System\DrugSync.System.csproj", "{2F026A33-039B-45D7-A04D-B87EDD28A8F6}"
EndProject
Global
	GlobalSection(SolutionConfigurationPlatforms) = preSolution
		Debug|Any CPU = Debug|Any CPU
		Release|Any CPU = Release|Any CPU
	EndGlobalSection
	GlobalSection(ProjectConfigurationPlatforms) = postSolution
		{C426AB6A-22F5-4B65-A3F8-4AD559E5DAE6}.Debug|Any CPU.ActiveCfg = Debug|Any CPU
		{C426AB6A-22F5-4B65-A3F8-4AD559E5DAE6}.Debug|Any CPU.Build.0 = Debug|Any CPU
		{C426AB6A-22F5-4B65-A3F8-4AD559E5DAE6}.Release|Any CPU.ActiveCfg = Release|Any CPU
		{C426AB6A-22F5-4B65-A3F8-4AD559E5DAE6}.Release|Any CPU.Build.0 = Release|Any CPU
		{9864C153-2BD6-44E9-8C5A-FE734A54FC94}.Debug|Any CPU.ActiveCfg = Debug|Any CPU
		{9864C153-2BD6-44E9-8C5A-FE734A54FC94}.Debug|Any CPU.Build.0 = Debug|Any CPU
		{9864C153-2BD6-44E9-8C5A-FE734A54FC94}.Release|Any CPU.ActiveCfg = Release|Any CPU
		{9864C153-2BD6-44E9-8C5A-FE734A54FC94}.Release|Any CPU.Build.0 = Release|Any CPU
		{2F026A33-039B-45D7-A04D-B87EDD28A8F6}.Debug|Any CPU.ActiveCfg = Debug|Any CPU
		{2F026A33-039B-45D7-A04D-B87EDD28A8F6}.Debug|Any CPU.Build.0 = Debug|Any CPU
		{2F026A33-039B-45D7-A04D-B87EDD28A8F6}.Release|Any CPU.ActiveCfg = Release|Any CPU
		{2F026A33-039B-45D7-A04D-B87EDD28A8F6}.Release|Any CPU.Build.0 = Release|Any CPU
	EndGlobalSection
	GlobalSection(SolutionProperties) = preSolution
		HideSolutionNode = FALSE
	EndGlobalSection
	GlobalSection(ExtensibilityGlobals) = postSolution
		SolutionGuid = {B07C9989-CF0C-40F3-B05E-12F30228FA24}
	EndGlobalSection
EndGlobal
